
Microsoft Visual Studio Solution File, Format Version 12.00
# Visual Studio Version 16
VisualStudioVersion = 16.0.29509.3
MinimumVisualStudioVersion = 10.0.40219.1
Project("{FAE04EC0-301F-11D3-BF4B-00C04F79EFBC}") = "Lab4_4", "Lab4_4\Lab4_4.csproj", "{1F120C32-91AB-418B-AA41-A9959ADE1695}"
EndProject
Global
	GlobalSection(SolutionConfigurationPlatforms) = preSolution
		Debug|Any CPU = Debug|Any CPU
		Release|Any CPU = Release|Any CPU
	EndGlobalSection
	GlobalSection(ProjectConfigurationPlatforms) = postSolution
		{1F120C32-91AB-418B-AA41-A9959ADE1695}.Debug|Any CPU.ActiveCfg = Debug|Any CPU
		{1F120C32-91AB-418B-AA41-A9959ADE1695}.Debug|Any CPU.Build.0 = Debug|Any CPU
		{1F120C32-91AB-418B-AA41-A9959ADE1695}.Release|Any CPU.ActiveCfg = Release|Any CPU
		{1F120C32-91AB-418B-AA41-A9959ADE1695}.Release|Any CPU.Build.0 = Release|Any CPU
	EndGlobalSection
	GlobalSection(SolutionProperties) = preSolution
		HideSolutionNode = FALSE
	EndGlobalSection
	GlobalSection(ExtensibilityGlobals) = postSolution
		SolutionGuid = {8FBB81B9-9819-48BA-BF93-0CBCA65CC4FD}
	EndGlobalSection
EndGlobal
